
Microsoft Visual Studio Solution File, Format Version 12.00
# Visual Studio Version 17
VisualStudioVersion = 17.5.33424.131
MinimumVisualStudioVersion = 10.0.40219.1
Project("{FAE04EC0-301F-11D3-BF4B-00C04F79EFBC}") = "GripFoodBackend", "GripFoodBackend.csproj", "{6C778A87-BCF8-4B30-8A7C-A7CA6CFF2CCD}"
EndProject
Project("{FAE04EC0-301F-11D3-BF4B-00C04F79EFBC}") = "GripFoodEntities", "..\GripFoodEntities\GripFoodEntities.csproj", "{C2FF06BB-B0D2-45C3-BE00-D62EF0C3EB7E}"
EndProject
Global
	GlobalSection(SolutionConfigurationPlatforms) = preSolution
		Debug|Any CPU = Debug|Any CPU
		Release|Any CPU = Release|Any CPU
	EndGlobalSection
	GlobalSection(ProjectConfigurationPlatforms) = postSolution
		{6C778A87-BCF8-4B30-8A7C-A7CA6CFF2CCD}.Debug|Any CPU.ActiveCfg = Debug|Any CPU
		{6C778A87-BCF8-4B30-8A7C-A7CA6CFF2CCD}.Debug|Any CPU.Build.0 = Debug|Any CPU
		{6C778A87-BCF8-4B30-8A7C-A7CA6CFF2CCD}.Release|Any CPU.ActiveCfg = Release|Any CPU
		{6C778A87-BCF8-4B30-8A7C-A7CA6CFF2CCD}.Release|Any CPU.Build.0 = Release|Any CPU
		{C2FF06BB-B0D2-45C3-BE00-D62EF0C3EB7E}.Debug|Any CPU.ActiveCfg = Debug|Any CPU
		{C2FF06BB-B0D2-45C3-BE00-D62EF0C3EB7E}.Debug|Any CPU.Build.0 = Debug|Any CPU
		{C2FF06BB-B0D2-45C3-BE00-D62EF0C3EB7E}.Release|Any CPU.ActiveCfg = Release|Any CPU
		{C2FF06BB-B0D2-45C3-BE00-D62EF0C3EB7E}.Release|Any CPU.Build.0 = Release|Any CPU
	EndGlobalSection
	GlobalSection(SolutionProperties) = preSolution
		HideSolutionNode = FALSE
	EndGlobalSection
	GlobalSection(ExtensibilityGlobals) = postSolution
		SolutionGuid = {D2DCE278-3186-4BAD-B325-6DD3ABD28451}
	EndGlobalSection
EndGlobal
